
Microsoft Visual Studio Solution File, Format Version 12.00
# Visual Studio Version 16
VisualStudioVersion = 16.0.31112.23
MinimumVisualStudioVersion = 10.0.40219.1
Project("{FAE04EC0-301F-11D3-BF4B-00C04F79EFBC}") = "21 cartas", "21 cartas\21 cartas.csproj", "{277D41D5-FE6E-4971-B48D-19739B726F92}"
EndProject
Global
	GlobalSection(SolutionConfigurationPlatforms) = preSolution
		Debug|Any CPU = Debug|Any CPU
		Release|Any CPU = Release|Any CPU
	EndGlobalSection
	GlobalSection(ProjectConfigurationPlatforms) = postSolution
		{277D41D5-FE6E-4971-B48D-19739B726F92}.Debug|Any CPU.ActiveCfg = Debug|Any CPU
		{277D41D5-FE6E-4971-B48D-19739B726F92}.Debug|Any CPU.Build.0 = Debug|Any CPU
		{277D41D5-FE6E-4971-B48D-19739B726F92}.Release|Any CPU.ActiveCfg = Release|Any CPU
		{277D41D5-FE6E-4971-B48D-19739B726F92}.Release|Any CPU.Build.0 = Release|Any CPU
	EndGlobalSection
	GlobalSection(SolutionProperties) = preSolution
		HideSolutionNode = FALSE
	EndGlobalSection
	GlobalSection(ExtensibilityGlobals) = postSolution
		SolutionGuid = {F6C33491-166C-45F1-A0EC-2FD43599A713}
	EndGlobalSection
EndGlobal
